{
  "nodes": {
    "flake-utils": {
      "locked": {
        "lastModified": 1610051610,
        "narHash": "sha256-U9rPz/usA1/Aohhk7Cmc2gBrEEKRzcW4nwPWMPwja4Y=",
        "owner": "numtide",
        "repo": "flake-utils",
        "rev": "3982c9903e93927c2164caa727cd3f6a0e6d14cc",
        "type": "github"
      },
      "original": {
        "owner": "numtide",
        "repo": "flake-utils",
        "type": "github"
      }
    },
    "haskell-nix": {
      "locked": {
        "lastModified": 1613265194,
        "narHash": "sha256-4Bqe3GbflqJH3FA5+zP1KtnznDFa1mhMOvHBY7LQlS4=",
        "owner": "input-output-hk",
        "repo": "haskell.nix",
        "rev": "766f49c7a7987fd02e961c17b6499d200aa133d9",
        "type": "github"
      },
      "original": {
        "owner": "input-output-hk",
        "repo": "haskell.nix",
        "type": "github"
      }
    },
    "nixpkgs": {
      "locked": {
        "lastModified": 1613280439,
        "narHash": "sha256-RGQvMvpjg5auVd9yQO8g8MXcyqYbj2pn5ZjTVBEBVrw=",
        "owner": "NixOS",
        "repo": "nixpkgs",
        "rev": "6083863f4ad49c59a74ed5496081727e23ccd754",
        "type": "github"
      },
      "original": {
        "owner": "NixOS",
        "repo": "nixpkgs",
        "rev": "6083863f4ad49c59a74ed5496081727e23ccd754",
        "type": "github"
      }
    },
    "root": {
      "inputs": {
        "flake-utils": "flake-utils",
        "haskell-nix": "haskell-nix",
        "nixpkgs": "nixpkgs"
      }
    }
  },
  "root": "root",
  "version": 7
}
